
Microsoft Visual Studio Solution File, Format Version 12.00
# Visual Studio 15
Project("{FAE04EC0-301F-11D3-BF4B-00C04F79EFBC}") = "Assembly-CSharp-firstpass", "Assembly-CSharp-firstpass.csproj", "{4FFD419A-93DA-6A78-3435-A4CC2AC4A9C1}"
EndProject
Project("{FAE04EC0-301F-11D3-BF4B-00C04F79EFBC}") = "Assembly-CSharp", "Assembly-CSharp.csproj", "{BB2EBE0F-839E-C783-823C-F28DBFECFF73}"
EndProject
Project("{FAE04EC0-301F-11D3-BF4B-00C04F79EFBC}") = "Assembly-CSharp-Editor", "Assembly-CSharp-Editor.csproj", "{7F35EF35-4CBE-5180-0403-541EE8822386}"
EndProject
Global
	GlobalSection(SolutionConfigurationPlatforms) = preSolution
		Debug|Any CPU = Debug|Any CPU
		Release|Any CPU = Release|Any CPU
	EndGlobalSection
	GlobalSection(ProjectConfigurationPlatforms) = postSolution
		{4FFD419A-93DA-6A78-3435-A4CC2AC4A9C1}.Debug|Any CPU.ActiveCfg = Debug|Any CPU
		{4FFD419A-93DA-6A78-3435-A4CC2AC4A9C1}.Debug|Any CPU.Build.0 = Debug|Any CPU
		{4FFD419A-93DA-6A78-3435-A4CC2AC4A9C1}.Release|Any CPU.ActiveCfg = Release|Any CPU
		{4FFD419A-93DA-6A78-3435-A4CC2AC4A9C1}.Release|Any CPU.Build.0 = Release|Any CPU
		{BB2EBE0F-839E-C783-823C-F28DBFECFF73}.Debug|Any CPU.ActiveCfg = Debug|Any CPU
		{BB2EBE0F-839E-C783-823C-F28DBFECFF73}.Debug|Any CPU.Build.0 = Debug|Any CPU
		{BB2EBE0F-839E-C783-823C-F28DBFECFF73}.Release|Any CPU.ActiveCfg = Release|Any CPU
		{BB2EBE0F-839E-C783-823C-F28DBFECFF73}.Release|Any CPU.Build.0 = Release|Any CPU
		{7F35EF35-4CBE-5180-0403-541EE8822386}.Debug|Any CPU.ActiveCfg = Debug|Any CPU
		{7F35EF35-4CBE-5180-0403-541EE8822386}.Debug|Any CPU.Build.0 = Debug|Any CPU
		{7F35EF35-4CBE-5180-0403-541EE8822386}.Release|Any CPU.ActiveCfg = Release|Any CPU
		{7F35EF35-4CBE-5180-0403-541EE8822386}.Release|Any CPU.Build.0 = Release|Any CPU
	EndGlobalSection
	GlobalSection(SolutionProperties) = preSolution
		HideSolutionNode = FALSE
	EndGlobalSection
	GlobalSection(MonoDevelopProperties) = preSolution
		StartupItem = Assembly-CSharp.csproj
	EndGlobalSection
EndGlobal
