
Microsoft Visual Studio Solution File, Format Version 12.00
# Visual Studio 2012
Project("{FAE04EC0-301F-11D3-BF4B-00C04F79EFBC}") = "UnityVS.client_tolua.CSharp", "UnityVS.client_tolua.CSharp.csproj", "{349E65AA-3D6F-BEC5-8C36-87C267E10B72}"
EndProject
Project("{FAE04EC0-301F-11D3-BF4B-00C04F79EFBC}") = "UnityVS.client_tolua.CSharp.Editor", "UnityVS.client_tolua.CSharp.Editor.csproj", "{1196B5D1-0F1A-7A76-4E02-0F9F44AE2543}"
EndProject
Project("{FAE04EC0-301F-11D3-BF4B-00C04F79EFBC}") = "UnityVS.client_tolua.CSharp.Plugins", "UnityVS.client_tolua.CSharp.Plugins.csproj", "{7CBBAD81-B773-A858-9CE5-B36F51C412DD}"
EndProject
Global
	GlobalSection(SolutionConfigurationPlatforms) = preSolution
		Debug|Any CPU = Debug|Any CPU
		Release|Any CPU = Release|Any CPU
	EndGlobalSection
	GlobalSection(ProjectConfigurationPlatforms) = postSolution
		{349E65AA-3D6F-BEC5-8C36-87C267E10B72}.Debug|Any CPU.ActiveCfg = Debug|Any CPU
		{349E65AA-3D6F-BEC5-8C36-87C267E10B72}.Debug|Any CPU.Build.0 = Debug|Any CPU
		{349E65AA-3D6F-BEC5-8C36-87C267E10B72}.Release|Any CPU.ActiveCfg = Release|Any CPU
		{349E65AA-3D6F-BEC5-8C36-87C267E10B72}.Release|Any CPU.Build.0 = Release|Any CPU
		{1196B5D1-0F1A-7A76-4E02-0F9F44AE2543}.Debug|Any CPU.ActiveCfg = Debug|Any CPU
		{1196B5D1-0F1A-7A76-4E02-0F9F44AE2543}.Debug|Any CPU.Build.0 = Debug|Any CPU
		{1196B5D1-0F1A-7A76-4E02-0F9F44AE2543}.Release|Any CPU.ActiveCfg = Release|Any CPU
		{1196B5D1-0F1A-7A76-4E02-0F9F44AE2543}.Release|Any CPU.Build.0 = Release|Any CPU
		{7CBBAD81-B773-A858-9CE5-B36F51C412DD}.Debug|Any CPU.ActiveCfg = Debug|Any CPU
		{7CBBAD81-B773-A858-9CE5-B36F51C412DD}.Debug|Any CPU.Build.0 = Debug|Any CPU
		{7CBBAD81-B773-A858-9CE5-B36F51C412DD}.Release|Any CPU.ActiveCfg = Release|Any CPU
		{7CBBAD81-B773-A858-9CE5-B36F51C412DD}.Release|Any CPU.Build.0 = Release|Any CPU
	EndGlobalSection
	GlobalSection(SolutionProperties) = preSolution
		HideSolutionNode = FALSE
	EndGlobalSection
EndGlobal
